
Microsoft Visual Studio Solution File, Format Version 12.00
# Visual Studio Version 17
VisualStudioVersion = 17.10.34916.146
MinimumVisualStudioVersion = 10.0.40219.1
Project("{FAE04EC0-301F-11D3-BF4B-00C04F79EFBC}") = "MagicVilla_VillaAPI", "MagicVilla_VillaAPI\MagicVilla_VillaAPI.csproj", "{BFE13D58-60F1-49F6-8389-30A3C0F900C8}"
EndProject
Global
	GlobalSection(SolutionConfigurationPlatforms) = preSolution
		Debug|Any CPU = Debug|Any CPU
		Release|Any CPU = Release|Any CPU
	EndGlobalSection
	GlobalSection(ProjectConfigurationPlatforms) = postSolution
		{BFE13D58-60F1-49F6-8389-30A3C0F900C8}.Debug|Any CPU.ActiveCfg = Debug|Any CPU
		{BFE13D58-60F1-49F6-8389-30A3C0F900C8}.Debug|Any CPU.Build.0 = Debug|Any CPU
		{BFE13D58-60F1-49F6-8389-30A3C0F900C8}.Release|Any CPU.ActiveCfg = Release|Any CPU
		{BFE13D58-60F1-49F6-8389-30A3C0F900C8}.Release|Any CPU.Build.0 = Release|Any CPU
	EndGlobalSection
	GlobalSection(SolutionProperties) = preSolution
		HideSolutionNode = FALSE
	EndGlobalSection
	GlobalSection(ExtensibilityGlobals) = postSolution
		SolutionGuid = {1E25978C-67DF-42FF-99A8-B80953CD4C65}
	EndGlobalSection
EndGlobal
